[main]
requirements = ["build==1.2.1", "cachecontrol==0.14.0", "certifi==2024.8.30", "cffi==1.17.0 ; (platform_python_implementation != 'PyPy' and sys_platform == 'linux') or sys_platform == 'darwin'", "charset-normalizer==3.3.2", "cleo==2.1.0", "click==8.1.7", "codespell==2.3.0", "colorama==0.4.6 ; platform_system == 'Windows' or os_name == 'nt'", "crashtest==0.4.1", "cryptography==43.0.1 ; sys_platform == 'linux'", "distlib==0.3.8", "dulwich==0.21.7", "fastjsonschema==2.20.0", "filelock==3.15.4", "idna==3.8", "installer==0.7.0", "jaraco-classes==3.4.0", "jeepney==0.8.0 ; sys_platform == 'linux'", "keyring==24.3.1", "markdown-it-py==3.0.0", "mdurl==0.1.2", "more-itertools==10.4.0", "msgpack==1.0.8", "packaging==24.1", "pexpect==4.9.0", "pkginfo==1.11.1", "platformdirs==4.2.2", "poetry-core==1.9.0", "poetry-plugin-export==1.8.0", "poetry==1.8.3", "ptyprocess==0.7.0", "pycparser==2.22 ; (platform_python_implementation != 'PyPy' and sys_platform == 'linux') or sys_platform == 'darwin'", "pygments==2.18.0", "pyproject-hooks==1.1.0", "pywin32-ctypes==0.2.3 ; sys_platform == 'win32'", "pyyaml==6.0.2", "rapidfuzz==3.9.7", "repo-review==0.11.2", "requests-toolbelt==1.0.0", "requests==2.32.3", "rich-click==1.8.3", "rich==13.8.0", "ruff==0.6.3", "secretstorage==3.3.3 ; sys_platform == 'linux'", "shellingham==1.5.4", "sp-repo-review==2024.8.19", "tomlkit==0.13.2", "trove-classifiers==2024.7.2", "typing-extensions==4.12.2", "urllib3==2.2.2", "virtualenv==20.26.3", "xattr==1.1.0 ; sys_platform == 'darwin'"]
hash = "3d85567fb93569f47f60a739ea5789e5"
